# THIS IS AN AUTOGENERATED FILE. DO NOT EDIT THIS FILE DIRECTLY.
# yarn lockfile v1


active-x-obfuscator@0.0.1:
  version "0.0.1"
  resolved "https://registry.yarnpkg.com/active-x-obfuscator/-/active-x-obfuscator-0.0.1.tgz#089b89b37145ff1d9ec74af6530be5526cae1f1a"
  dependencies:
    zeparser "0.0.5"

addressparser@~0.3.2:
  version "0.3.2"
  resolved "https://registry.yarnpkg.com/addressparser/-/addressparser-0.3.2.tgz#59873f35e8fcf6c7361c10239261d76e15348bb2"

amdefine@>=0.0.4:
  version "1.0.1"
  resolved "https://registry.yarnpkg.com/amdefine/-/amdefine-1.0.1.tgz#4a5282ac164729e93619bcfd3ad151f817ce91f5"

asn1@0.1.11:
  version "0.1.11"
  resolved "https://registry.yarnpkg.com/asn1/-/asn1-0.1.11.tgz#559be18376d08a4ec4dbe80877d27818639b2df7"

assert-plus@^0.1.5:
  version "0.1.5"
  resolved "https://registry.yarnpkg.com/assert-plus/-/assert-plus-0.1.5.tgz#ee74009413002d84cec7219c6ac811812e723160"

async@~0.2.6:
  version "0.2.10"
  resolved "https://registry.yarnpkg.com/async/-/async-0.2.10.tgz#b6bbe0b0674b9d719708ca38de8c237cb526c3d1"

async@~0.9.0:
  version "0.9.2"
  resolved "https://registry.yarnpkg.com/async/-/async-0.9.2.tgz#aea74d5e61c1f899613bf64bda66d4c78f2fd17d"

aws-sign@~0.3.0:
  version "0.3.0"
  resolved "https://registry.yarnpkg.com/aws-sign/-/aws-sign-0.3.0.tgz#3d81ca69b474b1e16518728b51c24ff0bbedc6e9"

balanced-match@^1.0.0:
  version "1.0.0"
  resolved "https://registry.yarnpkg.com/balanced-match/-/balanced-match-1.0.0.tgz#89b4d199ab2bee49de164ea02b89ce462d71b767"

base64id@0.1.0:
  version "0.1.0"
  resolved "https://registry.yarnpkg.com/base64id/-/base64id-0.1.0.tgz#02ce0fdeee0cef4f40080e1e73e834f0b1bfce3f"

better-js-class@*:
  version "0.1.3"
  resolved "https://registry.yarnpkg.com/better-js-class/-/better-js-class-0.1.3.tgz#758dd17462b3719e1cfa00cc647a0cf994ba6f94"

bignumber.js@1.0.1:
  version "1.0.1"
  resolved "https://registry.yarnpkg.com/bignumber.js/-/bignumber.js-1.0.1.tgz#0e953896823b783d48ea921884d3fd90b89bdcb1"

bignumber.js@4.1.0:
  version "4.1.0"
  resolved "https://registry.yarnpkg.com/bignumber.js/-/bignumber.js-4.1.0.tgz#db6f14067c140bd46624815a7916c92d9b6c24b1"

bindings@^1.2.1:
  version "1.3.0"
  resolved "https://registry.yarnpkg.com/bindings/-/bindings-1.3.0.tgz#b346f6ecf6a95f5a815c5839fc7cdb22502f1ed7"

boom@0.4.x:
  version "0.4.2"
  resolved "https://registry.yarnpkg.com/boom/-/boom-0.4.2.tgz#7a636e9ded4efcefb19cef4947a3c67dfaee911b"
  dependencies:
    hoek "0.9.x"

brace-expansion@^1.1.7:
  version "1.1.11"
  resolved "https://registry.yarnpkg.com/brace-expansion/-/brace-expansion-1.1.11.tgz#3c7fcbf529d87226f3d2f52b966ff5271eb441dd"
  dependencies:
    balanced-match "^1.0.0"
    concat-map "0.0.1"

buffer-concat@0.0.1:
  version "0.0.1"
  resolved "https://registry.yarnpkg.com/buffer-concat/-/buffer-concat-0.0.1.tgz#43e1e3c77f3d22fb55bea6890a92d03778c4c10a"

buffer-crc32@0.2.1:
  version "0.2.1"
  resolved "https://registry.yarnpkg.com/buffer-crc32/-/buffer-crc32-0.2.1.tgz#be3e5382fc02b6d6324956ac1af98aa98b08534c"

bufferhelper@*:
  version "0.2.1"
  resolved "https://registry.yarnpkg.com/bufferhelper/-/bufferhelper-0.2.1.tgz#fa74a385724a58e242f04ad6646c2366f83b913e"

bytes@0.2.0:
  version "0.2.0"
  resolved "https://registry.yarnpkg.com/bytes/-/bytes-0.2.0.tgz#aad33ec14e3dc2ca74e8e7d451f9ba053ad4f7a0"

camelcase@^1.0.2:
  version "1.2.1"
  resolved "https://registry.yarnpkg.com/camelcase/-/camelcase-1.2.1.tgz#9bb5304d2e0b56698b2c758b08a3eaa9daa58a39"

character-parser@1.0.2:
  version "1.0.2"
  resolved "https://registry.yarnpkg.com/character-parser/-/character-parser-1.0.2.tgz#55384d6afcf8c6b9dd483e8347646a790e4545e7"

combined-stream@~0.0.4:
  version "0.0.7"
  resolved "http://registry.npmjs.org/combined-stream/-/combined-stream-0.0.7.tgz#0137e657baa5a7541c57ac37ac5fc07d73b4dc1f"
  dependencies:
    delayed-stream "0.0.5"

commander@1.2.0:
  version "1.2.0"
  resolved "http://registry.npmjs.org/commander/-/commander-1.2.0.tgz#fd5713bfa153c7d6cc599378a5ab4c45c535029e"
  dependencies:
    keypress "0.1.x"

commander@~2.1.0:
  version "2.1.0"
  resolved "http://registry.npmjs.org/commander/-/commander-2.1.0.tgz#d121bbae860d9992a3d517ba96f56588e47c6781"

concat-map@0.0.1:
  version "0.0.1"
  resolved "https://registry.yarnpkg.com/concat-map/-/concat-map-0.0.1.tgz#d8a96bd77fd68df7793a73036a3ba0d5405d477b"

connect-redis@1.4.x:
  version "1.4.7"
  resolved "http://registry.npmjs.org/connect-redis/-/connect-redis-1.4.7.tgz#3445dc860cd802a9fd6156876e279c3212e7c82e"
  dependencies:
    debug "*"
    redis "0.10.x"

connect@2.8.4:
  version "2.8.4"
  resolved "https://registry.yarnpkg.com/connect/-/connect-2.8.4.tgz#ead3eb0e7c5e79bf25e246371d85849cbbbbc656"
  dependencies:
    buffer-crc32 "0.2.1"
    bytes "0.2.0"
    cookie "0.1.0"
    cookie-signature "1.0.1"
    debug "*"
    formidable "1.0.14"
    fresh "0.1.0"
    methods "0.0.1"
    pause "0.0.1"
    qs "0.6.5"
    send "0.1.3"
    uid2 "0.0.2"

connect@~2.8.4:
  version "2.8.8"
  resolved "https://registry.yarnpkg.com/connect/-/connect-2.8.8.tgz#b9abf8caf0bd9773cb3dea29344119872582446d"
  dependencies:
    buffer-crc32 "0.2.1"
    bytes "0.2.0"
    cookie "0.1.0"
    cookie-signature "1.0.1"
    debug "*"
    formidable "1.0.14"
    fresh "0.2.0"
    methods "0.0.1"
    pause "0.0.1"
    qs "0.6.5"
    send "0.1.4"
    uid2 "0.0.2"

constantinople@~1.0.1:
  version "1.0.2"
  resolved "https://registry.yarnpkg.com/constantinople/-/constantinople-1.0.2.tgz#0e64747dc836644d3f659247efd95231b48c3e71"
  dependencies:
    uglify-js "~2.4.0"

cookie-jar@~0.3.0:
  version "0.3.0"
  resolved "https://registry.yarnpkg.com/cookie-jar/-/cookie-jar-0.3.0.tgz#bc9a27d4e2b97e186cd57c9e2063cb99fa68cccc"

cookie-signature@1.0.1:
  version "1.0.1"
  resolved "https://registry.yarnpkg.com/cookie-signature/-/cookie-signature-1.0.1.tgz#44e072148af01e6e8e24afbf12690d68ae698ecb"

cookie@0.0.x:
  version "0.0.6"
  resolved "https://registry.yarnpkg.com/cookie/-/cookie-0.0.6.tgz#7bc6bb50205dcb98cf13ad09d6c60bc523f6fcb7"

cookie@0.1.0:
  version "0.1.0"
  resolved "https://registry.yarnpkg.com/cookie/-/cookie-0.1.0.tgz#90eb469ddce905c866de687efc43131d8801f9d0"

core-util-is@~1.0.0:
  version "1.0.2"
  resolved "https://registry.yarnpkg.com/core-util-is/-/core-util-is-1.0.2.tgz#b5fd54220aa2bc5ab57aab7140c940754503c1a7"

cps@*:
  version "1.0.2"
  resolved "https://registry.yarnpkg.com/cps/-/cps-1.0.2.tgz#2cd0b25d80f10909637e0856ad9ba634ce04ff1d"

crc32@0.2.2:
  version "0.2.2"
  resolved "https://registry.yarnpkg.com/crc32/-/crc32-0.2.2.tgz#7ad220d6ffdcd119f9fc127a7772cacea390a4ba"

cryptiles@0.2.x:
  version "0.2.2"
  resolved "https://registry.yarnpkg.com/cryptiles/-/cryptiles-0.2.2.tgz#ed91ff1f17ad13d3748288594f8a48a0d26f325c"
  dependencies:
    boom "0.4.x"

css-parse@1.0.4:
  version "1.0.4"
  resolved "https://registry.yarnpkg.com/css-parse/-/css-parse-1.0.4.tgz#38b0503fbf9da9f54e9c1dbda60e145c77117bdd"

css-stringify@1.0.5:
  version "1.0.5"
  resolved "https://registry.yarnpkg.com/css-stringify/-/css-stringify-1.0.5.tgz#b0d042946db2953bb9d292900a6cb5f6d0122031"

css@~1.0.8:
  version "1.0.8"
  resolved "http://registry.npmjs.org/css/-/css-1.0.8.tgz#9386811ca82bccc9ee7fb5a732b1e2a317c8a3e7"
  dependencies:
    css-parse "1.0.4"
    css-stringify "1.0.5"

ctype@0.5.3:
  version "0.5.3"
  resolved "https://registry.yarnpkg.com/ctype/-/ctype-0.5.3.tgz#82c18c2461f74114ef16c135224ad0b9144ca12f"

dataStream@0.0.5:
  version "0.0.5"
  resolved "https://registry.yarnpkg.com/dataStream/-/dataStream-0.0.5.tgz#d437a6fe33ac537b3ef0a45b123dffd002d6a86d"
  dependencies:
    bufferhelper "*"

debug@*, debug@^4.0.1:
  version "4.0.1"
  resolved "https://registry.yarnpkg.com/debug/-/debug-4.0.1.tgz#f9bb36d439b8d1f0dd52d8fb6b46e4ebb8c1cd5b"
  dependencies:
    ms "^2.1.1"

debug@0.7.2:
  version "0.7.2"
  resolved "http://registry.npmjs.org/debug/-/debug-0.7.2.tgz#056692c86670977f115de82917918b8e8b9a10f0"

decamelize@^1.0.0:
  version "1.2.0"
  resolved "https://registry.yarnpkg.com/decamelize/-/decamelize-1.2.0.tgz#f6534d15148269b20352e7bee26f501f9a191290"

delayed-stream@0.0.5:
  version "0.0.5"
  resolved "https://registry.yarnpkg.com/delayed-stream/-/delayed-stream-0.0.5.tgz#d4b1f43a93e8296dfe02694f4680bc37a313c73f"

directmail@~0.1.6:
  version "0.1.8"
  resolved "https://registry.yarnpkg.com/directmail/-/directmail-0.1.8.tgz#e4852c8a0c5519bef4904fcd96d760822f42a446"
  dependencies:
    simplesmtp "~0.3.30"

dkim-signer@~0.1.1:
  version "0.1.2"
  resolved "https://registry.yarnpkg.com/dkim-signer/-/dkim-signer-0.1.2.tgz#2ff5d61c87d8fbff5a8b131cffc5ec3ba1c25553"
  dependencies:
    mimelib "~0.2.15"
    punycode "~1.2.4"

encoding@~0.1.7:
  version "0.1.12"
  resolved "https://registry.yarnpkg.com/encoding/-/encoding-0.1.12.tgz#538b66f3ee62cd1ab51ec323829d1f9480c74beb"
  dependencies:
    iconv-lite "~0.4.13"

express@3.3.4:
  version "3.3.4"
  resolved "http://registry.npmjs.org/express/-/express-3.3.4.tgz#9abf22017213a8f6f54a421ce22b8ec27b7def62"
  dependencies:
    buffer-crc32 "0.2.1"
    commander "1.2.0"
    connect "2.8.4"
    cookie "0.1.0"
    cookie-signature "1.0.1"
    debug "*"
    fresh "0.1.0"
    methods "0.0.1"
    mkdirp "0.3.5"
    range-parser "0.0.4"
    send "0.1.3"

follow-redirects@0.0.3:
  version "0.0.3"
  resolved "http://registry.npmjs.org/follow-redirects/-/follow-redirects-0.0.3.tgz#6ce67a24db1fe13f226c1171a72a7ef2b17b8f65"
  dependencies:
    underscore ""

forever-agent@~0.5.0:
  version "0.5.2"
  resolved "https://registry.yarnpkg.com/forever-agent/-/forever-agent-0.5.2.tgz#6d0e09c4921f94a27f63d3b49c5feff1ea4c5130"

form-data@~0.1.0:
  version "0.1.4"
  resolved "https://registry.yarnpkg.com/form-data/-/form-data-0.1.4.tgz#91abd788aba9702b1aabfa8bc01031a2ac9e3b12"
  dependencies:
    async "~0.9.0"
    combined-stream "~0.0.4"
    mime "~1.2.11"

formidable@1.0.14:
  version "1.0.14"
  resolved "https://registry.yarnpkg.com/formidable/-/formidable-1.0.14.tgz#2b3f4c411cbb5fdd695c44843e2a23514a43231a"

formstream@0.0.7:
  version "0.0.7"
  resolved "https://registry.yarnpkg.com/formstream/-/formstream-0.0.7.tgz#981d0036743596c54820ee3dfb44baca18349788"
  dependencies:
    buffer-concat "0.0.1"
    mime "1.2.9"
    pause-stream ">=0.0.10"

fresh@0.1.0:
  version "0.1.0"
  resolved "https://registry.yarnpkg.com/fresh/-/fresh-0.1.0.tgz#03e4b0178424e4c2d5d19a54d8814cdc97934850"

fresh@0.2.0:
  version "0.2.0"
  resolved "https://registry.yarnpkg.com/fresh/-/fresh-0.2.0.tgz#bfd9402cf3df12c4a4c310c79f99a3dde13d34a7"

hawk@~1.0.0:
  version "1.0.0"
  resolved "https://registry.yarnpkg.com/hawk/-/hawk-1.0.0.tgz#b90bb169807285411da7ffcb8dd2598502d3b52d"
  dependencies:
    boom "0.4.x"
    cryptiles "0.2.x"
    hoek "0.9.x"
    sntp "0.2.x"

he@~0.3.6:
  version "0.3.6"
  resolved "http://registry.npmjs.org/he/-/he-0.3.6.tgz#9d7bc446e77963933301dd602d5731cb861135e0"

hiredis@*:
  version "0.5.0"
  resolved "https://registry.yarnpkg.com/hiredis/-/hiredis-0.5.0.tgz#db03a98becd7003d13c260043aceecfacdf59b87"
  dependencies:
    bindings "^1.2.1"
    nan "^2.3.4"

hoek@0.9.x:
  version "0.9.1"
  resolved "https://registry.yarnpkg.com/hoek/-/hoek-0.9.1.tgz#3d322462badf07716ea7eb85baf88079cddce505"

http-signature@~0.10.0:
  version "0.10.1"
  resolved "https://registry.yarnpkg.com/http-signature/-/http-signature-0.10.1.tgz#4fbdac132559aa8323121e540779c0a012b27e66"
  dependencies:
    asn1 "0.1.11"
    assert-plus "^0.1.5"
    ctype "0.5.3"

iconv-lite@~0.4.13:
  version "0.4.24"
  resolved "https://registry.yarnpkg.com/iconv-lite/-/iconv-lite-0.4.24.tgz#2022b4b25fbddc21d2f524974a474aafe733908b"
  dependencies:
    safer-buffer ">= 2.1.2 < 3"

inherits@~2.0.1, inherits@~2.0.3:
  version "2.0.3"
  resolved "https://registry.yarnpkg.com/inherits/-/inherits-2.0.3.tgz#633c2c83e3da42a502f52466022480f4208261de"

is-promise@~1:
  version "1.0.1"
  resolved "https://registry.yarnpkg.com/is-promise/-/is-promise-1.0.1.tgz#31573761c057e33c2e91aab9e96da08cefbe76e5"

isarray@0.0.1:
  version "0.0.1"
  resolved "https://registry.yarnpkg.com/isarray/-/isarray-0.0.1.tgz#8a18acfca9a8f4177e09abfc6038939b05d1eedf"

isarray@~1.0.0:
  version "1.0.0"
  resolved "https://registry.yarnpkg.com/isarray/-/isarray-1.0.0.tgz#bb935d48582cba168c06834957a54a3e07124f11"

jade@~0.33.0:
  version "0.33.0"
  resolved "https://registry.yarnpkg.com/jade/-/jade-0.33.0.tgz#1b0bb45f9dd4ce57723605177713d80bccd4e429"
  dependencies:
    character-parser "1.0.2"
    commander "1.2.0"
    constantinople "~1.0.1"
    mkdirp "0.3.x"
    monocle "0.1.48"
    transformers "2.0.1"
    with "~1.1.0"

json-stringify-safe@~5.0.0:
  version "5.0.1"
  resolved "https://registry.yarnpkg.com/json-stringify-safe/-/json-stringify-safe-5.0.1.tgz#1296a2d58fd45f19a0f6ce01d65701e2c735b6eb"

keypress@0.1.x:
  version "0.1.0"
  resolved "https://registry.yarnpkg.com/keypress/-/keypress-0.1.0.tgz#4a3188d4291b66b4f65edb99f806aa9ae293592a"

lodash@~2.3.0:
  version "2.3.0"
  resolved "http://registry.npmjs.org/lodash/-/lodash-2.3.0.tgz#dfbdac99cf87a59a022c474730570d8716c267dd"

mailcomposer@~0.2.7:
  version "0.2.12"
  resolved "https://registry.yarnpkg.com/mailcomposer/-/mailcomposer-0.2.12.tgz#4d02a604616adcb45fb36d37513f4c1bd0b75681"
  dependencies:
    dkim-signer "~0.1.1"
    follow-redirects "0.0.3"
    he "~0.3.6"
    mime "~1.2.11"
    mimelib "~0.2.15"

methods@0.0.1:
  version "0.0.1"
  resolved "https://registry.yarnpkg.com/methods/-/methods-0.0.1.tgz#277c90f8bef39709645a8371c51c3b6c648e068c"

mime@1.2.9:
  version "1.2.9"
  resolved "https://registry.yarnpkg.com/mime/-/mime-1.2.9.tgz#009cd40867bd35de521b3b966f04e2f8d4d13d09"

mime@~1.2.11, mime@~1.2.9:
  version "1.2.11"
  resolved "https://registry.yarnpkg.com/mime/-/mime-1.2.11.tgz#58203eed86e3a5ef17aed2b7d9ebd47f0a60dd10"

mimelib@~0.2.15:
  version "0.2.19"
  resolved "https://registry.yarnpkg.com/mimelib/-/mimelib-0.2.19.tgz#37ec90a6ac7d00954851d0b2c31618f0a49da0ee"
  dependencies:
    addressparser "~0.3.2"
    encoding "~0.1.7"

minimatch@>=0.2.4:
  version "3.0.4"
  resolved "https://registry.yarnpkg.com/minimatch/-/minimatch-3.0.4.tgz#5166e286457f03306064be5497e8dbb0c3d32083"
  dependencies:
    brace-expansion "^1.1.7"

mkdirp@0.3.5, mkdirp@0.3.x:
  version "0.3.5"
  resolved "http://registry.npmjs.org/mkdirp/-/mkdirp-0.3.5.tgz#de3e5f8961c88c787ee1368df849ac4413eca8d7"

monocle@0.1.48:
  version "0.1.48"
  resolved "https://registry.yarnpkg.com/monocle/-/monocle-0.1.48.tgz#b96730f5ca900fa75a56041eb6db10aad980a383"
  dependencies:
    readdirp "~0.2.3"

ms@^2.1.1:
  version "2.1.1"
  resolved "https://registry.yarnpkg.com/ms/-/ms-2.1.1.tgz#30a5864eb3ebb0a66f2ebe6d727af06a09d86e0a"

mysql@*:
  version "2.16.0"
  resolved "https://registry.yarnpkg.com/mysql/-/mysql-2.16.0.tgz#b23b22ab5de44fc2d5d32bd4f5af6653fc45e2ba"
  dependencies:
    bignumber.js "4.1.0"
    readable-stream "2.3.6"
    safe-buffer "5.1.2"
    sqlstring "2.3.1"

mysql@2.0.1:
  version "2.0.1"
  resolved "https://registry.yarnpkg.com/mysql/-/mysql-2.0.1.tgz#8d849488ee176d34e31d6200d66c47f6dea4dd16"
  dependencies:
    bignumber.js "1.0.1"
    readable-stream "~1.1.9"
    require-all "0.0.3"

nan@^2.3.4:
  version "2.11.0"
  resolved "https://registry.yarnpkg.com/nan/-/nan-2.11.0.tgz#574e360e4d954ab16966ec102c0c049fd961a099"

nan@~1.0.0:
  version "1.0.0"
  resolved "https://registry.yarnpkg.com/nan/-/nan-1.0.0.tgz#ae24f8850818d662fcab5acf7f3b95bfaa2ccf38"

node-mysql@0.3.4:
  version "0.3.4"
  resolved "https://registry.yarnpkg.com/node-mysql/-/node-mysql-0.3.4.tgz#85dccea19a4c93eb186233ddecedddbb26be6cf1"
  dependencies:
    better-js-class "*"
    cps "*"
    mysql "*"
    underscore "*"

node-qiniu@6.1.4:
  version "6.1.4"
  resolved "https://registry.yarnpkg.com/node-qiniu/-/node-qiniu-6.1.4.tgz#c79db20b792310321d2d465bb8ee69b729d5dd68"
  dependencies:
    dataStream "0.0.5"
    q "~0.9.6"
    request "~2.27.0"
    underscore "~1.5.1"

node-uuid@~1.4.0:
  version "1.4.8"
  resolved "https://registry.yarnpkg.com/node-uuid/-/node-uuid-1.4.8.tgz#b040eb0923968afabf8d32fb1f17f1167fdab907"

nodemailer@0.6.1:
  version "0.6.1"
  resolved "https://registry.yarnpkg.com/nodemailer/-/nodemailer-0.6.1.tgz#3be514ec9ecce3ff38455b4de7d81be5a59de857"
  dependencies:
    directmail "~0.1.6"
    he "~0.3.6"
    mailcomposer "~0.2.7"
    public-address "~0.1.0"
    simplesmtp "~0.2 || ~0.3"
  optionalDependencies:
    readable-stream "~1.1.9"

oauth-sign@~0.3.0:
  version "0.3.0"
  resolved "https://registry.yarnpkg.com/oauth-sign/-/oauth-sign-0.3.0.tgz#cb540f93bb2b22a7d5941691a288d60e8ea9386e"

optimist@~0.3.5:
  version "0.3.7"
  resolved "https://registry.yarnpkg.com/optimist/-/optimist-0.3.7.tgz#c90941ad59e4273328923074d2cf2e7cbc6ec0d9"
  dependencies:
    wordwrap "~0.0.2"

options@>=0.0.5:
  version "0.0.6"
  resolved "https://registry.yarnpkg.com/options/-/options-0.0.6.tgz#ec22d312806bb53e731773e7cdaefcf1c643128f"

passport@~0.1.17:
  version "0.1.18"
  resolved "https://registry.yarnpkg.com/passport/-/passport-0.1.18.tgz#c8264479dcb6414cadbb66752d12b37e0b6525a1"
  dependencies:
    pause "0.0.1"
    pkginfo "0.2.x"

pause-stream@>=0.0.10:
  version "0.0.11"
  resolved "http://registry.npmjs.org/pause-stream/-/pause-stream-0.0.11.tgz#fe5a34b0cbce12b5aa6a2b403ee2e73b602f1445"
  dependencies:
    through "~2.3"

pause@0.0.1:
  version "0.0.1"
  resolved "https://registry.yarnpkg.com/pause/-/pause-0.0.1.tgz#1d408b3fdb76923b9543d96fb4c9dfd535d9cb5d"

pkginfo@0.2.x:
  version "0.2.3"
  resolved "https://registry.yarnpkg.com/pkginfo/-/pkginfo-0.2.3.tgz#7239c42a5ef6c30b8f328439d9b9ff71042490f8"

policyfile@0.0.4:
  version "0.0.4"
  resolved "https://registry.yarnpkg.com/policyfile/-/policyfile-0.0.4.tgz#d6b82ead98ae79ebe228e2daf5903311ec982e4d"

process-nextick-args@~2.0.0:
  version "2.0.0"
  resolved "https://registry.yarnpkg.com/process-nextick-args/-/process-nextick-args-2.0.0.tgz#a37d732f4271b4ab1ad070d35508e8290788ffaa"

promise@~2.0:
  version "2.0.0"
  resolved "http://registry.npmjs.org/promise/-/promise-2.0.0.tgz#46648aa9d605af5d2e70c3024bf59436da02b80e"
  dependencies:
    is-promise "~1"

public-address@~0.1.0:
  version "0.1.2"
  resolved "https://registry.yarnpkg.com/public-address/-/public-address-0.1.2.tgz#f95f3e0cf28b89f965b0f188fd1267ac0856552f"

punycode@~1.2.4:
  version "1.2.4"
  resolved "https://registry.yarnpkg.com/punycode/-/punycode-1.2.4.tgz#54008ac972aec74175def9cba6df7fa9d3918740"

q@~0.9.6:
  version "0.9.7"
  resolved "https://registry.yarnpkg.com/q/-/q-0.9.7.tgz#4de2e6cb3b29088c9e4cbc03bf9d42fb96ce2f75"

qiniu@6.1.1:
  version "6.1.1"
  resolved "https://registry.yarnpkg.com/qiniu/-/qiniu-6.1.1.tgz#4549aa6be0a04e659400badc734d6d5d67041f95"
  dependencies:
    crc32 "0.2.2"
    formstream "0.0.7"
    mime "1.2.9"
    urllib "0.5.1"

qs@0.6.5:
  version "0.6.5"
  resolved "https://registry.yarnpkg.com/qs/-/qs-0.6.5.tgz#294b268e4b0d4250f6dde19b3b8b34935dff14ef"

qs@~0.6.0:
  version "0.6.6"
  resolved "https://registry.yarnpkg.com/qs/-/qs-0.6.6.tgz#6e015098ff51968b8a3c819001d5f2c89bc4b107"

rai@~0.1.11:
  version "0.1.12"
  resolved "https://registry.yarnpkg.com/rai/-/rai-0.1.12.tgz#8ccfd014d0f9608630dd73c19b8e4b057754a6a6"

range-parser@0.0.4:
  version "0.0.4"
  resolved "https://registry.yarnpkg.com/range-parser/-/range-parser-0.0.4.tgz#c0427ffef51c10acba0782a46c9602e744ff620b"

readable-stream@2.3.6:
  version "2.3.6"
  resolved "http://registry.npmjs.org/readable-stream/-/readable-stream-2.3.6.tgz#b11c27d88b8ff1fbe070643cf94b0c79ae1b0aaf"
  dependencies:
    core-util-is "~1.0.0"
    inherits "~2.0.3"
    isarray "~1.0.0"
    process-nextick-args "~2.0.0"
    safe-buffer "~5.1.1"
    string_decoder "~1.1.1"
    util-deprecate "~1.0.1"

readable-stream@~1.1.9:
  version "1.1.14"
  resolved "http://registry.npmjs.org/readable-stream/-/readable-stream-1.1.14.tgz#7cf4c54ef648e3813084c636dd2079e166c081d9"
  dependencies:
    core-util-is "~1.0.0"
    inherits "~2.0.1"
    isarray "0.0.1"
    string_decoder "~0.10.x"

readdirp@~0.2.3:
  version "0.2.5"
  resolved "http://registry.npmjs.org/readdirp/-/readdirp-0.2.5.tgz#c4c276e52977ae25db5191fe51d008550f15d9bb"
  dependencies:
    minimatch ">=0.2.4"

redis@0.10.x:
  version "0.10.3"
  resolved "https://registry.yarnpkg.com/redis/-/redis-0.10.3.tgz#8927fe2110ee39617bcf3fd37b89d8e123911bb6"

redis@0.7.2:
  version "0.7.2"
  resolved "https://registry.yarnpkg.com/redis/-/redis-0.7.2.tgz#fa557fef4985ab3e3384fdc5be6e2541a0bb49af"
  optionalDependencies:
    hiredis "*"

redis@0.7.3:
  version "0.7.3"
  resolved "https://registry.yarnpkg.com/redis/-/redis-0.7.3.tgz#ee57b7a44d25ec1594e44365d8165fa7d1d4811a"

request@~2.27.0:
  version "2.27.0"
  resolved "http://registry.npmjs.org/request/-/request-2.27.0.tgz#dfb1a224dd3a5a9bade4337012503d710e538668"
  dependencies:
    aws-sign "~0.3.0"
    cookie-jar "~0.3.0"
    forever-agent "~0.5.0"
    form-data "~0.1.0"
    hawk "~1.0.0"
    http-signature "~0.10.0"
    json-stringify-safe "~5.0.0"
    mime "~1.2.9"
    node-uuid "~1.4.0"
    oauth-sign "~0.3.0"
    qs "~0.6.0"
    tunnel-agent "~0.3.0"

require-all@0.0.3:
  version "0.0.3"
  resolved "https://registry.yarnpkg.com/require-all/-/require-all-0.0.3.tgz#051e192246c00d399bfe6164bc4e810bc588e01a"

safe-buffer@5.1.2, safe-buffer@~5.1.0, safe-buffer@~5.1.1:
  version "5.1.2"
  resolved "https://registry.yarnpkg.com/safe-buffer/-/safe-buffer-5.1.2.tgz#991ec69d296e0313747d59bdfd2b745c35f8828d"

"safer-buffer@>= 2.1.2 < 3":
  version "2.1.2"
  resolved "https://registry.yarnpkg.com/safer-buffer/-/safer-buffer-2.1.2.tgz#44fa161b0187b9549dd84bb91802f9bd8385cd6a"

sax@~0.5.2:
  version "0.5.8"
  resolved "http://registry.npmjs.org/sax/-/sax-0.5.8.tgz#d472db228eb331c2506b0e8c15524adb939d12c1"

send@0.1.3:
  version "0.1.3"
  resolved "https://registry.yarnpkg.com/send/-/send-0.1.3.tgz#a7875daa6802d31e2ce32fdad98d3664c51ecea3"
  dependencies:
    debug "*"
    fresh "0.1.0"
    mime "~1.2.9"
    range-parser "0.0.4"

send@0.1.4:
  version "0.1.4"
  resolved "https://registry.yarnpkg.com/send/-/send-0.1.4.tgz#be70d8d1be01de61821af13780b50345a4f71abd"
  dependencies:
    debug "*"
    fresh "0.2.0"
    mime "~1.2.9"
    range-parser "0.0.4"

"simplesmtp@~0.2 || ~0.3", simplesmtp@~0.3.30:
  version "0.3.35"
  resolved "https://registry.yarnpkg.com/simplesmtp/-/simplesmtp-0.3.35.tgz#017b1eb8b26317ac36d2a2a8a932631880736a03"
  dependencies:
    rai "~0.1.11"
    xoauth2 "~0.1.8"

sntp@0.2.x:
  version "0.2.4"
  resolved "https://registry.yarnpkg.com/sntp/-/sntp-0.2.4.tgz#fb885f18b0f3aad189f824862536bceeec750900"
  dependencies:
    hoek "0.9.x"

socket.io-client@0.9.16:
  version "0.9.16"
  resolved "https://registry.yarnpkg.com/socket.io-client/-/socket.io-client-0.9.16.tgz#4da7515c5e773041d1b423970415bcc430f35fc6"
  dependencies:
    active-x-obfuscator "0.0.1"
    uglify-js "1.2.5"
    ws "0.4.x"
    xmlhttprequest "1.4.2"

socket.io@~0.9.16:
  version "0.9.19"
  resolved "https://registry.yarnpkg.com/socket.io/-/socket.io-0.9.19.tgz#490bb5fd0dc54cf002ee04e67fadfc43b848a38f"
  dependencies:
    base64id "0.1.0"
    policyfile "0.0.4"
    socket.io-client "0.9.16"
  optionalDependencies:
    redis "0.7.3"

source-map@0.1.34:
  version "0.1.34"
  resolved "https://registry.yarnpkg.com/source-map/-/source-map-0.1.34.tgz#a7cfe89aec7b1682c3b198d0acfb47d7d090566b"
  dependencies:
    amdefine ">=0.0.4"

source-map@~0.1.7:
  version "0.1.43"
  resolved "https://registry.yarnpkg.com/source-map/-/source-map-0.1.43.tgz#c24bc146ca517c1471f5dacbe2571b2b7f9e3346"
  dependencies:
    amdefine ">=0.0.4"

sqlstring@2.3.1:
  version "2.3.1"
  resolved "https://registry.yarnpkg.com/sqlstring/-/sqlstring-2.3.1.tgz#475393ff9e91479aea62dcaf0ca3d14983a7fb40"

stepify@0.1.5:
  version "0.1.5"
  resolved "https://registry.yarnpkg.com/stepify/-/stepify-0.1.5.tgz#941b6c33034a5a682ccc7093bcdb76e85cbeec18"
  dependencies:
    lodash "~2.3.0"

string_decoder@~0.10.x:
  version "0.10.31"
  resolved "https://registry.yarnpkg.com/string_decoder/-/string_decoder-0.10.31.tgz#62e203bc41766c6c28c9fc84301dab1c5310fa94"

string_decoder@~1.1.1:
  version "1.1.1"
  resolved "https://registry.yarnpkg.com/string_decoder/-/string_decoder-1.1.1.tgz#9cf1611ba62685d7030ae9e4ba34149c3af03fc8"
  dependencies:
    safe-buffer "~5.1.0"

through@~2.3:
  version "2.3.8"
  resolved "http://registry.npmjs.org/through/-/through-2.3.8.tgz#0dd4c9ffaabc357960b1b724115d7e0e86a2e1f5"

tinycolor@0.x:
  version "0.0.1"
  resolved "https://registry.yarnpkg.com/tinycolor/-/tinycolor-0.0.1.tgz#320b5a52d83abb5978d81a3e887d4aefb15a6164"

transformers@2.0.1:
  version "2.0.1"
  resolved "https://registry.yarnpkg.com/transformers/-/transformers-2.0.1.tgz#352131dfceb93a7532dc7535a4f142510435a394"
  dependencies:
    css "~1.0.8"
    promise "~2.0"
    uglify-js "~2.2.5"

tunnel-agent@~0.3.0:
  version "0.3.0"
  resolved "https://registry.yarnpkg.com/tunnel-agent/-/tunnel-agent-0.3.0.tgz#ad681b68f5321ad2827c4cfb1b7d5df2cfe942ee"

type-component@0.0.1:
  version "0.0.1"
  resolved "https://registry.yarnpkg.com/type-component/-/type-component-0.0.1.tgz#952a6c81c21efd24d13d811d0c8498cb860e1956"

uglify-js@1.2.5:
  version "1.2.5"
  resolved "http://registry.npmjs.org/uglify-js/-/uglify-js-1.2.5.tgz#b542c2c76f78efb34b200b20177634330ff702b6"

uglify-js@2.4.0:
  version "2.4.0"
  resolved "http://registry.npmjs.org/uglify-js/-/uglify-js-2.4.0.tgz#a5f2b6b1b817fb34c16a04234328c89ba1e77137"
  dependencies:
    async "~0.2.6"
    optimist "~0.3.5"
    source-map "~0.1.7"
    uglify-to-browserify "~1.0.0"

uglify-js@~2.2.5:
  version "2.2.5"
  resolved "http://registry.npmjs.org/uglify-js/-/uglify-js-2.2.5.tgz#a6e02a70d839792b9780488b7b8b184c095c99c7"
  dependencies:
    optimist "~0.3.5"
    source-map "~0.1.7"

uglify-js@~2.4.0:
  version "2.4.24"
  resolved "http://registry.npmjs.org/uglify-js/-/uglify-js-2.4.24.tgz#fad5755c1e1577658bb06ff9ab6e548c95bebd6e"
  dependencies:
    async "~0.2.6"
    source-map "0.1.34"
    uglify-to-browserify "~1.0.0"
    yargs "~3.5.4"

uglify-to-browserify@~1.0.0:
  version "1.0.2"
  resolved "https://registry.yarnpkg.com/uglify-to-browserify/-/uglify-to-browserify-1.0.2.tgz#6e0924d6bda6b5afe349e39a6d632850a0f882b7"

uid2@0.0.2:
  version "0.0.2"
  resolved "https://registry.yarnpkg.com/uid2/-/uid2-0.0.2.tgz#107fb155c82c1136620797ed4c88cf2b08f6aab8"

underscore@, underscore@*:
  version "1.9.1"
  resolved "https://registry.yarnpkg.com/underscore/-/underscore-1.9.1.tgz#06dce34a0e68a7babc29b365b8e74b8925203961"

underscore@~1.5.1:
  version "1.5.2"
  resolved "https://registry.yarnpkg.com/underscore/-/underscore-1.5.2.tgz#1335c5e4f5e6d33bbb4b006ba8c86a00f556de08"

urllib@0.5.1:
  version "0.5.1"
  resolved "http://registry.npmjs.org/urllib/-/urllib-0.5.1.tgz#9e256b2b703dfe0a59637cb0dbb4308ed571971b"
  dependencies:
    buffer-concat "0.0.1"
    debug "0.7.2"

util-deprecate@~1.0.1:
  version "1.0.2"
  resolved "https://registry.yarnpkg.com/util-deprecate/-/util-deprecate-1.0.2.tgz#450d4dc9fa70de732762fbd2d4a28981419a0ccf"

validator@2.0.0:
  version "2.0.0"
  resolved "http://registry.npmjs.org/validator/-/validator-2.0.0.tgz#bffd2667fac2f79677750543b10a0fb6f9ba078c"

window-size@0.1.0:
  version "0.1.0"
  resolved "https://registry.yarnpkg.com/window-size/-/window-size-0.1.0.tgz#5438cd2ea93b202efa3a19fe8887aee7c94f9c9d"

with@~1.1.0:
  version "1.1.1"
  resolved "https://registry.yarnpkg.com/with/-/with-1.1.1.tgz#66bd6664deb318b2482dd0424ccdebe822434ac0"
  dependencies:
    uglify-js "2.4.0"

wordwrap@0.0.2:
  version "0.0.2"
  resolved "https://registry.yarnpkg.com/wordwrap/-/wordwrap-0.0.2.tgz#b79669bb42ecb409f83d583cad52ca17eaa1643f"

wordwrap@~0.0.2:
  version "0.0.3"
  resolved "https://registry.yarnpkg.com/wordwrap/-/wordwrap-0.0.3.tgz#a3d5da6cd5c0bc0008d37234bbaf1bed63059107"

ws@0.4.x:
  version "0.4.32"
  resolved "https://registry.yarnpkg.com/ws/-/ws-0.4.32.tgz#787a6154414f3c99ed83c5772153b20feb0cec32"
  dependencies:
    commander "~2.1.0"
    nan "~1.0.0"
    options ">=0.0.5"
    tinycolor "0.x"

xmlhttprequest@1.4.2:
  version "1.4.2"
  resolved "https://registry.yarnpkg.com/xmlhttprequest/-/xmlhttprequest-1.4.2.tgz#01453a1d9bed1e8f172f6495bbf4c8c426321500"

xmlreader@0.2.3:
  version "0.2.3"
  resolved "https://registry.yarnpkg.com/xmlreader/-/xmlreader-0.2.3.tgz#86576eb5d57959a6dee7ed28b3cbd1c3559dcb90"
  dependencies:
    sax "~0.5.2"

xoauth2@~0.1.8:
  version "0.1.8"
  resolved "https://registry.yarnpkg.com/xoauth2/-/xoauth2-0.1.8.tgz#b916ff10ecfb54320f16f24a3e975120653ab0d2"

yargs@~3.5.4:
  version "3.5.4"
  resolved "http://registry.npmjs.org/yargs/-/yargs-3.5.4.tgz#d8aff8f665e94c34bd259bdebd1bfaf0ddd35361"
  dependencies:
    camelcase "^1.0.2"
    decamelize "^1.0.0"
    window-size "0.1.0"
    wordwrap "0.0.2"

zeparser@0.0.5:
  version "0.0.5"
  resolved "https://registry.yarnpkg.com/zeparser/-/zeparser-0.0.5.tgz#03726561bc268f2e5444f54c665b7fd4a8c029e2"
